
Microsoft Visual Studio Solution File, Format Version 12.00
# Visual Studio Version 17
VisualStudioVersion = 17.5.33424.131
MinimumVisualStudioVersion = 10.0.40219.1
Project("{2150E333-8FDC-42A3-9474-1A3956D46DE8}") = "src", "src", "{7251F592-6386-4045-8BA7-A9E34D7F05BA}"
EndProject
Project("{2150E333-8FDC-42A3-9474-1A3956D46DE8}") = "Services", "Services", "{1351FA53-1FE1-4D08-B6C6-C8506BDBD390}"
EndProject
Project("{9A19103F-16F7-4668-BE54-9A1E7A4F7556}") = "TCSExchangeRateAPI.Services.WebAPI", "src\Services\TCSExchangeRateAPI.Services.WebAPI\TCSExchangeRateAPI.Services.WebAPI.csproj", "{4304980F-DA21-4C7E-87B3-48D61EF99ED9}"
EndProject
Project("{2150E333-8FDC-42A3-9474-1A3956D46DE8}") = "Transversal", "Transversal", "{275F66FB-BB3D-4F68-9FBB-673D8FBAE12A}"
EndProject
Project("{FAE04EC0-301F-11D3-BF4B-00C04F79EFBC}") = "TCSExchangeRateAPI.Transversal.Common", "src\Transversal\TCSExchangeRateAPI.Transversal.Common\TCSExchangeRateAPI.Transversal.Common.csproj", "{82433819-E0E1-4AE3-8A27-CC1A12928904}"
EndProject
Project("{FAE04EC0-301F-11D3-BF4B-00C04F79EFBC}") = "TCSExchangeRateAPI.Transversal.Logging", "src\Transversal\TCSExchangeRateAPI.Transversal.Logging\TCSExchangeRateAPI.Transversal.Logging.csproj", "{2F892F3C-9BFD-49A0-B4D6-A81F66698EE1}"
EndProject
Project("{2150E333-8FDC-42A3-9474-1A3956D46DE8}") = "Infrastructure", "Infrastructure", "{53723299-40B6-4518-9D23-86FA04E4B378}"
EndProject
Project("{FAE04EC0-301F-11D3-BF4B-00C04F79EFBC}") = "TCSExchangeRateAPI.Infrastructure.Data", "src\Infrastructure\TCSExchangeRateAPI.Infrastructure.Data\TCSExchangeRateAPI.Infrastructure.Data.csproj", "{3401D631-1BC4-4633-963B-C75552BBB6F6}"
EndProject
Project("{FAE04EC0-301F-11D3-BF4B-00C04F79EFBC}") = "TCSExchangeRateAPI.Infrastructure.Interfaces", "src\Infrastructure\TCSExchangeRateAPI.Infrastructure.Interfaces\TCSExchangeRateAPI.Infrastructure.Interfaces.csproj", "{0069A137-1D9E-42EF-8A91-8ACA9F3B26F5}"
EndProject
Project("{FAE04EC0-301F-11D3-BF4B-00C04F79EFBC}") = "TCSExchangeRateAPI.Infrastructure.Repository", "src\Infrastructure\TCSExchangeRateAPI.Infrastructure.Repository\TCSExchangeRateAPI.Infrastructure.Repository.csproj", "{B535CA9B-6DC5-45E7-93D4-78BF70D7768B}"
EndProject
Project("{2150E333-8FDC-42A3-9474-1A3956D46DE8}") = "Domain", "Domain", "{E8BA336F-A337-4D01-BC2D-E044B9D2D2BA}"
EndProject
Project("{FAE04EC0-301F-11D3-BF4B-00C04F79EFBC}") = "TCSExchangeRateAPI.Domain.Core", "src\Domain\TCSExchangeRateAPI.Domain.Core\TCSExchangeRateAPI.Domain.Core.csproj", "{F1BAAC2A-79EE-4A8F-A10B-4DE47EA295A5}"
EndProject
Project("{FAE04EC0-301F-11D3-BF4B-00C04F79EFBC}") = "TCSExchangeRateAPI.Domain.Entity", "src\Domain\TCSExchangeRateAPI.Domain.Entity\TCSExchangeRateAPI.Domain.Entity.csproj", "{8A5FDFEE-81E4-4158-805B-909F8264FD3D}"
EndProject
Project("{FAE04EC0-301F-11D3-BF4B-00C04F79EFBC}") = "TCSExchangeRateAPI.Domain.Interfaces", "src\Domain\TCSExchangeRateAPI.Domain.Interfaces\TCSExchangeRateAPI.Domain.Interfaces.csproj", "{D2BCE2AB-9C40-43BC-8FAD-7BA45B078540}"
EndProject
Project("{2150E333-8FDC-42A3-9474-1A3956D46DE8}") = "Application", "Application", "{43F6D28B-15BD-4437-A9D8-5403FB6FA3EF}"
EndProject
Project("{FAE04EC0-301F-11D3-BF4B-00C04F79EFBC}") = "TCSExchangeRateAPI.Application.Main", "src\Application\TCSExchangeRateAPI.Application.Main\TCSExchangeRateAPI.Application.Main.csproj", "{83A2717E-DFA6-4C82-AF76-5038712988FC}"
EndProject
Project("{FAE04EC0-301F-11D3-BF4B-00C04F79EFBC}") = "TCSExchangeRateAPI.Application.Interfaces", "src\Application\TCSExchangeRateAPI.Application.Interfaces\TCSExchangeRateAPI.Application.Interfaces.csproj", "{44E53A70-38D5-4DA0-880B-809FB706AED3}"
EndProject
Project("{FAE04EC0-301F-11D3-BF4B-00C04F79EFBC}") = "TCSExchangeRateAPI.Application.DTO", "src\Application\TCSExchangeRateAPI.Application.DTO\TCSExchangeRateAPI.Application.DTO.csproj", "{5C502AF3-98D7-4C07-A536-05F48C8FEE3F}"
EndProject
Global
	GlobalSection(SolutionConfigurationPlatforms) = preSolution
		Debug|Any CPU = Debug|Any CPU
		Release|Any CPU = Release|Any CPU
	EndGlobalSection
	GlobalSection(ProjectConfigurationPlatforms) = postSolution
		{4304980F-DA21-4C7E-87B3-48D61EF99ED9}.Debug|Any CPU.ActiveCfg = Debug|Any CPU
		{4304980F-DA21-4C7E-87B3-48D61EF99ED9}.Debug|Any CPU.Build.0 = Debug|Any CPU
		{4304980F-DA21-4C7E-87B3-48D61EF99ED9}.Release|Any CPU.ActiveCfg = Release|Any CPU
		{4304980F-DA21-4C7E-87B3-48D61EF99ED9}.Release|Any CPU.Build.0 = Release|Any CPU
		{82433819-E0E1-4AE3-8A27-CC1A12928904}.Debug|Any CPU.ActiveCfg = Debug|Any CPU
		{82433819-E0E1-4AE3-8A27-CC1A12928904}.Debug|Any CPU.Build.0 = Debug|Any CPU
		{82433819-E0E1-4AE3-8A27-CC1A12928904}.Release|Any CPU.ActiveCfg = Release|Any CPU
		{82433819-E0E1-4AE3-8A27-CC1A12928904}.Release|Any CPU.Build.0 = Release|Any CPU
		{2F892F3C-9BFD-49A0-B4D6-A81F66698EE1}.Debug|Any CPU.ActiveCfg = Debug|Any CPU
		{2F892F3C-9BFD-49A0-B4D6-A81F66698EE1}.Debug|Any CPU.Build.0 = Debug|Any CPU
		{2F892F3C-9BFD-49A0-B4D6-A81F66698EE1}.Release|Any CPU.ActiveCfg = Release|Any CPU
		{2F892F3C-9BFD-49A0-B4D6-A81F66698EE1}.Release|Any CPU.Build.0 = Release|Any CPU
		{3401D631-1BC4-4633-963B-C75552BBB6F6}.Debug|Any CPU.ActiveCfg = Debug|Any CPU
		{3401D631-1BC4-4633-963B-C75552BBB6F6}.Debug|Any CPU.Build.0 = Debug|Any CPU
		{3401D631-1BC4-4633-963B-C75552BBB6F6}.Release|Any CPU.ActiveCfg = Release|Any CPU
		{3401D631-1BC4-4633-963B-C75552BBB6F6}.Release|Any CPU.Build.0 = Release|Any CPU
		{0069A137-1D9E-42EF-8A91-8ACA9F3B26F5}.Debug|Any CPU.ActiveCfg = Debug|Any CPU
		{0069A137-1D9E-42EF-8A91-8ACA9F3B26F5}.Debug|Any CPU.Build.0 = Debug|Any CPU
		{0069A137-1D9E-42EF-8A91-8ACA9F3B26F5}.Release|Any CPU.ActiveCfg = Release|Any CPU
		{0069A137-1D9E-42EF-8A91-8ACA9F3B26F5}.Release|Any CPU.Build.0 = Release|Any CPU
		{B535CA9B-6DC5-45E7-93D4-78BF70D7768B}.Debug|Any CPU.ActiveCfg = Debug|Any CPU
		{B535CA9B-6DC5-45E7-93D4-78BF70D7768B}.Debug|Any CPU.Build.0 = Debug|Any CPU
		{B535CA9B-6DC5-45E7-93D4-78BF70D7768B}.Release|Any CPU.ActiveCfg = Release|Any CPU
		{B535CA9B-6DC5-45E7-93D4-78BF70D7768B}.Release|Any CPU.Build.0 = Release|Any CPU
		{F1BAAC2A-79EE-4A8F-A10B-4DE47EA295A5}.Debug|Any CPU.ActiveCfg = Debug|Any CPU
		{F1BAAC2A-79EE-4A8F-A10B-4DE47EA295A5}.Debug|Any CPU.Build.0 = Debug|Any CPU
		{F1BAAC2A-79EE-4A8F-A10B-4DE47EA295A5}.Release|Any CPU.ActiveCfg = Release|Any CPU
		{F1BAAC2A-79EE-4A8F-A10B-4DE47EA295A5}.Release|Any CPU.Build.0 = Release|Any CPU
		{8A5FDFEE-81E4-4158-805B-909F8264FD3D}.Debug|Any CPU.ActiveCfg = Debug|Any CPU
		{8A5FDFEE-81E4-4158-805B-909F8264FD3D}.Debug|Any CPU.Build.0 = Debug|Any CPU
		{8A5FDFEE-81E4-4158-805B-909F8264FD3D}.Release|Any CPU.ActiveCfg = Release|Any CPU
		{8A5FDFEE-81E4-4158-805B-909F8264FD3D}.Release|Any CPU.Build.0 = Release|Any CPU
		{D2BCE2AB-9C40-43BC-8FAD-7BA45B078540}.Debug|Any CPU.ActiveCfg = Debug|Any CPU
		{D2BCE2AB-9C40-43BC-8FAD-7BA45B078540}.Debug|Any CPU.Build.0 = Debug|Any CPU
		{D2BCE2AB-9C40-43BC-8FAD-7BA45B078540}.Release|Any CPU.ActiveCfg = Release|Any CPU
		{D2BCE2AB-9C40-43BC-8FAD-7BA45B078540}.Release|Any CPU.Build.0 = Release|Any CPU
		{83A2717E-DFA6-4C82-AF76-5038712988FC}.Debug|Any CPU.ActiveCfg = Debug|Any CPU
		{83A2717E-DFA6-4C82-AF76-5038712988FC}.Debug|Any CPU.Build.0 = Debug|Any CPU
		{83A2717E-DFA6-4C82-AF76-5038712988FC}.Release|Any CPU.ActiveCfg = Release|Any CPU
		{83A2717E-DFA6-4C82-AF76-5038712988FC}.Release|Any CPU.Build.0 = Release|Any CPU
		{44E53A70-38D5-4DA0-880B-809FB706AED3}.Debug|Any CPU.ActiveCfg = Debug|Any CPU
		{44E53A70-38D5-4DA0-880B-809FB706AED3}.Debug|Any CPU.Build.0 = Debug|Any CPU
		{44E53A70-38D5-4DA0-880B-809FB706AED3}.Release|Any CPU.ActiveCfg = Release|Any CPU
		{44E53A70-38D5-4DA0-880B-809FB706AED3}.Release|Any CPU.Build.0 = Release|Any CPU
		{5C502AF3-98D7-4C07-A536-05F48C8FEE3F}.Debug|Any CPU.ActiveCfg = Debug|Any CPU
		{5C502AF3-98D7-4C07-A536-05F48C8FEE3F}.Debug|Any CPU.Build.0 = Debug|Any CPU
		{5C502AF3-98D7-4C07-A536-05F48C8FEE3F}.Release|Any CPU.ActiveCfg = Release|Any CPU
		{5C502AF3-98D7-4C07-A536-05F48C8FEE3F}.Release|Any CPU.Build.0 = Release|Any CPU
	EndGlobalSection
	GlobalSection(SolutionProperties) = preSolution
		HideSolutionNode = FALSE
	EndGlobalSection
	GlobalSection(NestedProjects) = preSolution
		{1351FA53-1FE1-4D08-B6C6-C8506BDBD390} = {7251F592-6386-4045-8BA7-A9E34D7F05BA}
		{4304980F-DA21-4C7E-87B3-48D61EF99ED9} = {1351FA53-1FE1-4D08-B6C6-C8506BDBD390}
		{275F66FB-BB3D-4F68-9FBB-673D8FBAE12A} = {7251F592-6386-4045-8BA7-A9E34D7F05BA}
		{82433819-E0E1-4AE3-8A27-CC1A12928904} = {275F66FB-BB3D-4F68-9FBB-673D8FBAE12A}
		{2F892F3C-9BFD-49A0-B4D6-A81F66698EE1} = {275F66FB-BB3D-4F68-9FBB-673D8FBAE12A}
		{53723299-40B6-4518-9D23-86FA04E4B378} = {7251F592-6386-4045-8BA7-A9E34D7F05BA}
		{3401D631-1BC4-4633-963B-C75552BBB6F6} = {53723299-40B6-4518-9D23-86FA04E4B378}
		{0069A137-1D9E-42EF-8A91-8ACA9F3B26F5} = {53723299-40B6-4518-9D23-86FA04E4B378}
		{B535CA9B-6DC5-45E7-93D4-78BF70D7768B} = {53723299-40B6-4518-9D23-86FA04E4B378}
		{E8BA336F-A337-4D01-BC2D-E044B9D2D2BA} = {7251F592-6386-4045-8BA7-A9E34D7F05BA}
		{F1BAAC2A-79EE-4A8F-A10B-4DE47EA295A5} = {E8BA336F-A337-4D01-BC2D-E044B9D2D2BA}
		{8A5FDFEE-81E4-4158-805B-909F8264FD3D} = {E8BA336F-A337-4D01-BC2D-E044B9D2D2BA}
		{D2BCE2AB-9C40-43BC-8FAD-7BA45B078540} = {E8BA336F-A337-4D01-BC2D-E044B9D2D2BA}
		{43F6D28B-15BD-4437-A9D8-5403FB6FA3EF} = {7251F592-6386-4045-8BA7-A9E34D7F05BA}
		{83A2717E-DFA6-4C82-AF76-5038712988FC} = {43F6D28B-15BD-4437-A9D8-5403FB6FA3EF}
		{44E53A70-38D5-4DA0-880B-809FB706AED3} = {43F6D28B-15BD-4437-A9D8-5403FB6FA3EF}
		{5C502AF3-98D7-4C07-A536-05F48C8FEE3F} = {43F6D28B-15BD-4437-A9D8-5403FB6FA3EF}
	EndGlobalSection
	GlobalSection(ExtensibilityGlobals) = postSolution
		SolutionGuid = {960650A5-8386-4107-A901-FE7FB536F491}
	EndGlobalSection
EndGlobal
